
Microsoft Visual Studio Solution File, Format Version 12.00
# Visual Studio 15
VisualStudioVersion = 15.0.28307.421
MinimumVisualStudioVersion = 10.0.40219.1
Project("{FAE04EC0-301F-11D3-BF4B-00C04F79EFBC}") = "ITU2_NotizbuchOOP", "ITU2_NotizbuchOOP\ITU2_NotizbuchOOP.csproj", "{3F08B183-9BFF-4061-877B-43BF634DFA4B}"
EndProject
Global
	GlobalSection(SolutionConfigurationPlatforms) = preSolution
		Debug|Any CPU = Debug|Any CPU
		Release|Any CPU = Release|Any CPU
	EndGlobalSection
	GlobalSection(ProjectConfigurationPlatforms) = postSolution
		{3F08B183-9BFF-4061-877B-43BF634DFA4B}.Debug|Any CPU.ActiveCfg = Debug|Any CPU
		{3F08B183-9BFF-4061-877B-43BF634DFA4B}.Debug|Any CPU.Build.0 = Debug|Any CPU
		{3F08B183-9BFF-4061-877B-43BF634DFA4B}.Release|Any CPU.ActiveCfg = Release|Any CPU
		{3F08B183-9BFF-4061-877B-43BF634DFA4B}.Release|Any CPU.Build.0 = Release|Any CPU
	EndGlobalSection
	GlobalSection(SolutionProperties) = preSolution
		HideSolutionNode = FALSE
	EndGlobalSection
	GlobalSection(ExtensibilityGlobals) = postSolution
		SolutionGuid = {D7E9E001-6761-40D1-A378-FB55F2B80FCB}
	EndGlobalSection
EndGlobal
